
Microsoft Visual Studio Solution File, Format Version 12.00
# Visual Studio Version 17
VisualStudioVersion = 17.0.31903.59
MinimumVisualStudioVersion = 10.0.40219.1
Project("{2150E333-8FDC-42A3-9474-1A3956D46DE8}") = "src", "src", "{06B32E76-4E3F-42DC-B753-6BB995F62338}"
EndProject
Project("{FAE04EC0-301F-11D3-BF4B-00C04F79EFBC}") = "MessageSegmentCalculator", "src\MessageSegmentCalculator\MessageSegmentCalculator.csproj", "{B324BC57-7C43-44BE-9D7F-8121314A07A0}"
EndProject
Project("{2150E333-8FDC-42A3-9474-1A3956D46DE8}") = "test", "test", "{F895178E-F85A-412B-A3D9-FE21926F952F}"
EndProject
Project("{FAE04EC0-301F-11D3-BF4B-00C04F79EFBC}") = "MessageSegmentCalculator.Tests", "test\MessageSegmentCalculator.Tests\MessageSegmentCalculator.Tests.csproj", "{BE0537D7-9595-4244-A810-A1E4FFE7EBE9}"
EndProject
Global
	GlobalSection(SolutionConfigurationPlatforms) = preSolution
		Debug|Any CPU = Debug|Any CPU
		Release|Any CPU = Release|Any CPU
	EndGlobalSection
	GlobalSection(SolutionProperties) = preSolution
		HideSolutionNode = FALSE
	EndGlobalSection
	GlobalSection(ProjectConfigurationPlatforms) = postSolution
		{B324BC57-7C43-44BE-9D7F-8121314A07A0}.Debug|Any CPU.ActiveCfg = Debug|Any CPU
		{B324BC57-7C43-44BE-9D7F-8121314A07A0}.Debug|Any CPU.Build.0 = Debug|Any CPU
		{B324BC57-7C43-44BE-9D7F-8121314A07A0}.Release|Any CPU.ActiveCfg = Release|Any CPU
		{B324BC57-7C43-44BE-9D7F-8121314A07A0}.Release|Any CPU.Build.0 = Release|Any CPU
		{BE0537D7-9595-4244-A810-A1E4FFE7EBE9}.Debug|Any CPU.ActiveCfg = Debug|Any CPU
		{BE0537D7-9595-4244-A810-A1E4FFE7EBE9}.Debug|Any CPU.Build.0 = Debug|Any CPU
		{BE0537D7-9595-4244-A810-A1E4FFE7EBE9}.Release|Any CPU.ActiveCfg = Release|Any CPU
		{BE0537D7-9595-4244-A810-A1E4FFE7EBE9}.Release|Any CPU.Build.0 = Release|Any CPU
	EndGlobalSection
	GlobalSection(NestedProjects) = preSolution
		{B324BC57-7C43-44BE-9D7F-8121314A07A0} = {06B32E76-4E3F-42DC-B753-6BB995F62338}
		{BE0537D7-9595-4244-A810-A1E4FFE7EBE9} = {F895178E-F85A-412B-A3D9-FE21926F952F}
	EndGlobalSection
EndGlobal
